
Microsoft Visual Studio Solution File, Format Version 12.00
# Visual Studio Version 16
VisualStudioVersion = 16.0.810.6
MinimumVisualStudioVersion = 10.0.40219.1
Project("{9A19103F-16F7-4668-BE54-9A1E7A4F7556}") = "LeetCode", "LeetCode\LeetCode.csproj", "{1ECC8EB0-264A-4E52-9487-9977BA78FA82}"
EndProject
Project("{9A19103F-16F7-4668-BE54-9A1E7A4F7556}") = "LeetCode.Test", "LeetCode.Test\LeetCode.Test.csproj", "{B303D395-E846-4B7D-9DB7-00F7CAA95EF7}"
EndProject
Global
	GlobalSection(SolutionConfigurationPlatforms) = preSolution
		Debug|Any CPU = Debug|Any CPU
		Release|Any CPU = Release|Any CPU
	EndGlobalSection
	GlobalSection(ProjectConfigurationPlatforms) = postSolution
		{1ECC8EB0-264A-4E52-9487-9977BA78FA82}.Debug|Any CPU.ActiveCfg = Debug|Any CPU
		{1ECC8EB0-264A-4E52-9487-9977BA78FA82}.Debug|Any CPU.Build.0 = Debug|Any CPU
		{1ECC8EB0-264A-4E52-9487-9977BA78FA82}.Release|Any CPU.ActiveCfg = Release|Any CPU
		{1ECC8EB0-264A-4E52-9487-9977BA78FA82}.Release|Any CPU.Build.0 = Release|Any CPU
		{B303D395-E846-4B7D-9DB7-00F7CAA95EF7}.Debug|Any CPU.ActiveCfg = Debug|Any CPU
		{B303D395-E846-4B7D-9DB7-00F7CAA95EF7}.Debug|Any CPU.Build.0 = Debug|Any CPU
		{B303D395-E846-4B7D-9DB7-00F7CAA95EF7}.Release|Any CPU.ActiveCfg = Release|Any CPU
		{B303D395-E846-4B7D-9DB7-00F7CAA95EF7}.Release|Any CPU.Build.0 = Release|Any CPU
	EndGlobalSection
	GlobalSection(SolutionProperties) = preSolution
		HideSolutionNode = FALSE
	EndGlobalSection
	GlobalSection(ExtensibilityGlobals) = postSolution
		SolutionGuid = {BB5B3896-7C67-41BD-909B-A38BDCFE0187}
	EndGlobalSection
EndGlobal
